
Microsoft Visual Studio Solution File, Format Version 12.00
# Visual Studio 2013
VisualStudioVersion = 12.0.31101.0
MinimumVisualStudioVersion = 10.0.40219.1
Project("{FAE04EC0-301F-11D3-BF4B-00C04F79EFBC}") = "LabSintaxis_Ejercicio1", "LabSintaxis_Ejercicio1\LabSintaxis_Ejercicio1.csproj", "{1862A0D5-3B2E-48B8-BF3A-A40DC7BBD418}"
EndProject
Global
	GlobalSection(SolutionConfigurationPlatforms) = preSolution
		Debug|Any CPU = Debug|Any CPU
		Release|Any CPU = Release|Any CPU
	EndGlobalSection
	GlobalSection(ProjectConfigurationPlatforms) = postSolution
		{1862A0D5-3B2E-48B8-BF3A-A40DC7BBD418}.Debug|Any CPU.ActiveCfg = Debug|Any CPU
		{1862A0D5-3B2E-48B8-BF3A-A40DC7BBD418}.Debug|Any CPU.Build.0 = Debug|Any CPU
		{1862A0D5-3B2E-48B8-BF3A-A40DC7BBD418}.Release|Any CPU.ActiveCfg = Release|Any CPU
		{1862A0D5-3B2E-48B8-BF3A-A40DC7BBD418}.Release|Any CPU.Build.0 = Release|Any CPU
	EndGlobalSection
	GlobalSection(SolutionProperties) = preSolution
		HideSolutionNode = FALSE
	EndGlobalSection
EndGlobal
